
Microsoft Visual Studio Solution File, Format Version 12.00
# Visual Studio Version 17
VisualStudioVersion = 17.2.32519.379
MinimumVisualStudioVersion = 10.0.40219.1
Project("{FAE04EC0-301F-11D3-BF4B-00C04F79EFBC}") = "Nalog", "Nalog\Nalog.csproj", "{16B84EA0-704E-4034-873E-FBD2BE15EFBE}"
EndProject
Global
	GlobalSection(SolutionConfigurationPlatforms) = preSolution
		Debug|Any CPU = Debug|Any CPU
		Release|Any CPU = Release|Any CPU
	EndGlobalSection
	GlobalSection(ProjectConfigurationPlatforms) = postSolution
		{16B84EA0-704E-4034-873E-FBD2BE15EFBE}.Debug|Any CPU.ActiveCfg = Debug|Any CPU
		{16B84EA0-704E-4034-873E-FBD2BE15EFBE}.Debug|Any CPU.Build.0 = Debug|Any CPU
		{16B84EA0-704E-4034-873E-FBD2BE15EFBE}.Release|Any CPU.ActiveCfg = Release|Any CPU
		{16B84EA0-704E-4034-873E-FBD2BE15EFBE}.Release|Any CPU.Build.0 = Release|Any CPU
	EndGlobalSection
	GlobalSection(SolutionProperties) = preSolution
		HideSolutionNode = FALSE
	EndGlobalSection
	GlobalSection(ExtensibilityGlobals) = postSolution
		SolutionGuid = {DECAABEB-382A-4D68-A196-17A7FC189899}
	EndGlobalSection
EndGlobal
